
Microsoft Visual Studio Solution File, Format Version 12.00
Project("{FAE04EC0-301F-11D3-BF4B-00C04F79EFBC}") = "Kli", "Kli\Kli.csproj", "{6FAEAF3F-A6F0-4DF7-ACED-4282156753F5}"
EndProject
Project("{FAE04EC0-301F-11D3-BF4B-00C04F79EFBC}") = "Tests", "Tests\Tests.csproj", "{513613DD-7E81-4BF2-854F-4A40EC9C5D58}"
EndProject
Project("{FAE04EC0-301F-11D3-BF4B-00C04F79EFBC}") = "Kli.Common", "Kli.Common\Kli.Common.csproj", "{C467F084-3DD8-4CE6-8669-7DBD761639ED}"
EndProject
Global
	GlobalSection(SolutionConfigurationPlatforms) = preSolution
		Debug|Any CPU = Debug|Any CPU
		Release|Any CPU = Release|Any CPU
	EndGlobalSection
	GlobalSection(ProjectConfigurationPlatforms) = postSolution
		{6FAEAF3F-A6F0-4DF7-ACED-4282156753F5}.Debug|Any CPU.ActiveCfg = Debug|Any CPU
		{6FAEAF3F-A6F0-4DF7-ACED-4282156753F5}.Debug|Any CPU.Build.0 = Debug|Any CPU
		{6FAEAF3F-A6F0-4DF7-ACED-4282156753F5}.Release|Any CPU.ActiveCfg = Release|Any CPU
		{6FAEAF3F-A6F0-4DF7-ACED-4282156753F5}.Release|Any CPU.Build.0 = Release|Any CPU
		{513613DD-7E81-4BF2-854F-4A40EC9C5D58}.Debug|Any CPU.ActiveCfg = Debug|Any CPU
		{513613DD-7E81-4BF2-854F-4A40EC9C5D58}.Debug|Any CPU.Build.0 = Debug|Any CPU
		{513613DD-7E81-4BF2-854F-4A40EC9C5D58}.Release|Any CPU.ActiveCfg = Release|Any CPU
		{513613DD-7E81-4BF2-854F-4A40EC9C5D58}.Release|Any CPU.Build.0 = Release|Any CPU
		{C467F084-3DD8-4CE6-8669-7DBD761639ED}.Debug|Any CPU.ActiveCfg = Debug|Any CPU
		{C467F084-3DD8-4CE6-8669-7DBD761639ED}.Debug|Any CPU.Build.0 = Debug|Any CPU
		{C467F084-3DD8-4CE6-8669-7DBD761639ED}.Release|Any CPU.ActiveCfg = Release|Any CPU
		{C467F084-3DD8-4CE6-8669-7DBD761639ED}.Release|Any CPU.Build.0 = Release|Any CPU
	EndGlobalSection
EndGlobal
