
Microsoft Visual Studio Solution File, Format Version 12.00
Project("{FAE04EC0-301F-11D3-BF4B-00C04F79EFBC}") = "Kli", "Kli\Kli.csproj", "{6FAEAF3F-A6F0-4DF7-ACED-4282156753F5}"
EndProject
Project("{FAE04EC0-301F-11D3-BF4B-00C04F79EFBC}") = "Test.Kli", "Test.Kli\Test.Kli.csproj", "{513613DD-7E81-4BF2-854F-4A40EC9C5D58}"
EndProject
Project("{FAE04EC0-301F-11D3-BF4B-00C04F79EFBC}") = "Kli.Output.Console", "Kli.Output.Console\Kli.Output.Console.csproj", "{0CE0EB5A-7251-4FF0-9835-6DBF13635C8A}"
EndProject
Project("{FAE04EC0-301F-11D3-BF4B-00C04F79EFBC}") = "Test.Kli.Output.Console", "Test.Kli.Output.Console\Test.Kli.Output.Console.csproj", "{59FCAF50-B7E7-49CA-BE2B-8E5F8DA7CC7C}"
EndProject
Project("{FAE04EC0-301F-11D3-BF4B-00C04F79EFBC}") = "Test", "Test\Test.csproj", "{EDCEDD30-D8C7-4D55-B00E-1DD2F3E1174B}"
EndProject
Project("{FAE04EC0-301F-11D3-BF4B-00C04F79EFBC}") = "Kli.Output.File", "Kli.Output.File\Kli.Output.File.csproj", "{205EC265-8FD5-431C-9D6C-5941229CACCE}"
EndProject
Project("{FAE04EC0-301F-11D3-BF4B-00C04F79EFBC}") = "Test.Kli.Output.File", "Test.Kli.Output.File\Test.Kli.Output.File.csproj", "{AF5CF3C8-0685-4614-898D-DA1DED8B48BC}"
EndProject
Global
	GlobalSection(SolutionConfigurationPlatforms) = preSolution
		Debug|Any CPU = Debug|Any CPU
		Release|Any CPU = Release|Any CPU
	EndGlobalSection
	GlobalSection(ProjectConfigurationPlatforms) = postSolution
		{6FAEAF3F-A6F0-4DF7-ACED-4282156753F5}.Debug|Any CPU.ActiveCfg = Debug|Any CPU
		{6FAEAF3F-A6F0-4DF7-ACED-4282156753F5}.Debug|Any CPU.Build.0 = Debug|Any CPU
		{6FAEAF3F-A6F0-4DF7-ACED-4282156753F5}.Release|Any CPU.ActiveCfg = Release|Any CPU
		{6FAEAF3F-A6F0-4DF7-ACED-4282156753F5}.Release|Any CPU.Build.0 = Release|Any CPU
		{513613DD-7E81-4BF2-854F-4A40EC9C5D58}.Debug|Any CPU.ActiveCfg = Debug|Any CPU
		{513613DD-7E81-4BF2-854F-4A40EC9C5D58}.Debug|Any CPU.Build.0 = Debug|Any CPU
		{513613DD-7E81-4BF2-854F-4A40EC9C5D58}.Release|Any CPU.ActiveCfg = Release|Any CPU
		{513613DD-7E81-4BF2-854F-4A40EC9C5D58}.Release|Any CPU.Build.0 = Release|Any CPU
		{0CE0EB5A-7251-4FF0-9835-6DBF13635C8A}.Debug|Any CPU.ActiveCfg = Debug|Any CPU
		{0CE0EB5A-7251-4FF0-9835-6DBF13635C8A}.Debug|Any CPU.Build.0 = Debug|Any CPU
		{0CE0EB5A-7251-4FF0-9835-6DBF13635C8A}.Release|Any CPU.ActiveCfg = Release|Any CPU
		{0CE0EB5A-7251-4FF0-9835-6DBF13635C8A}.Release|Any CPU.Build.0 = Release|Any CPU
		{59FCAF50-B7E7-49CA-BE2B-8E5F8DA7CC7C}.Debug|Any CPU.ActiveCfg = Debug|Any CPU
		{59FCAF50-B7E7-49CA-BE2B-8E5F8DA7CC7C}.Debug|Any CPU.Build.0 = Debug|Any CPU
		{59FCAF50-B7E7-49CA-BE2B-8E5F8DA7CC7C}.Release|Any CPU.ActiveCfg = Release|Any CPU
		{59FCAF50-B7E7-49CA-BE2B-8E5F8DA7CC7C}.Release|Any CPU.Build.0 = Release|Any CPU
		{EDCEDD30-D8C7-4D55-B00E-1DD2F3E1174B}.Debug|Any CPU.ActiveCfg = Debug|Any CPU
		{EDCEDD30-D8C7-4D55-B00E-1DD2F3E1174B}.Debug|Any CPU.Build.0 = Debug|Any CPU
		{EDCEDD30-D8C7-4D55-B00E-1DD2F3E1174B}.Release|Any CPU.ActiveCfg = Release|Any CPU
		{EDCEDD30-D8C7-4D55-B00E-1DD2F3E1174B}.Release|Any CPU.Build.0 = Release|Any CPU
		{205EC265-8FD5-431C-9D6C-5941229CACCE}.Debug|Any CPU.ActiveCfg = Debug|Any CPU
		{205EC265-8FD5-431C-9D6C-5941229CACCE}.Debug|Any CPU.Build.0 = Debug|Any CPU
		{205EC265-8FD5-431C-9D6C-5941229CACCE}.Release|Any CPU.ActiveCfg = Release|Any CPU
		{205EC265-8FD5-431C-9D6C-5941229CACCE}.Release|Any CPU.Build.0 = Release|Any CPU
		{AF5CF3C8-0685-4614-898D-DA1DED8B48BC}.Debug|Any CPU.ActiveCfg = Debug|Any CPU
		{AF5CF3C8-0685-4614-898D-DA1DED8B48BC}.Debug|Any CPU.Build.0 = Debug|Any CPU
		{AF5CF3C8-0685-4614-898D-DA1DED8B48BC}.Release|Any CPU.ActiveCfg = Release|Any CPU
		{AF5CF3C8-0685-4614-898D-DA1DED8B48BC}.Release|Any CPU.Build.0 = Release|Any CPU
	EndGlobalSection
EndGlobal
